// !$*UTF8*$!
{
	archiveVersion = 1;
	classes = {
	};
	objectVersion = 46;
	objects = {

/* Begin PBXBuildFile section */
		7E339B961D406AFB0087A446 /* AppDelegate.swift in Sources */ = {isa = PBXBuildFile; fileRef = 7E339B951D406AFB0087A446 /* AppDelegate.swift */; };
		7E339B981D406AFB0087A446 /* ViewController.swift in Sources */ = {isa = PBXBuildFile; fileRef = 7E339B971D406AFB0087A446 /* ViewController.swift */; };
		7E339B9B1D406AFB0087A446 /* Main.storyboard in Resources */ = {isa = PBXBuildFile; fileRef = 7E339B991D406AFB0087A446 /* Main.storyboard */; };
		7E339B9D1D406AFB0087A446 /* Assets.xcassets in Resources */ = {isa = PBXBuildFile; fileRef = 7E339B9C1D406AFB0087A446 /* Assets.xcassets */; };
		7E339BA01D406AFB0087A446 /* LaunchScreen.storyboard in Resources */ = {isa = PBXBuildFile; fileRef = 7E339B9E1D406AFB0087A446 /* LaunchScreen.storyboard */; };
		7E339BC01D406B9A0087A446 /* 1.png in Resources */ = {isa = PBXBuildFile; fileRef = 7E339BA81D406B9A0087A446 /* 1.png */; };
		7E339BC11D406B9A0087A446 /* 3.png in Resources */ = {isa = PBXBuildFile; fileRef = 7E339BA91D406B9A0087A446 /* 3.png */; };
		7E339BC21D406B9A0087A446 /* 5.png in Resources */ = {isa = PBXBuildFile; fileRef = 7E339BAA1D406B9A0087A446 /* 5.png */; };
		7E339BC31D406B9A0087A446 /* 7.png in Resources */ = {isa = PBXBuildFile; fileRef = 7E339BAB1D406B9A0087A446 /* 7.png */; };
		7E339BC41D406B9A0087A446 /* 9.png in Resources */ = {isa = PBXBuildFile; fileRef = 7E339BAC1D406B9A0087A446 /* 9.png */; };
		7E339BC51D406B9A0087A446 /* 11.png in Resources */ = {isa = PBXBuildFile; fileRef = 7E339BAD1D406B9A0087A446 /* 11.png */; };
		7E339BC61D406B9A0087A446 /* 13.png in Resources */ = {isa = PBXBuildFile; fileRef = 7E339BAE1D406B9A0087A446 /* 13.png */; };
		7E339BC71D406B9A0087A446 /* 15.png in Resources */ = {isa = PBXBuildFile; fileRef = 7E339BAF1D406B9A0087A446 /* 15.png */; };
		7E339BC81D406B9A0087A446 /* 17.png in Resources */ = {isa = PBXBuildFile; fileRef = 7E339BB01D406B9A0087A446 /* 17.png */; };
		7E339BC91D406B9A0087A446 /* 19.png in Resources */ = {isa = PBXBuildFile; fileRef = 7E339BB11D406B9A0087A446 /* 19.png */; };
		7E339BCA1D406B9A0087A446 /* 21.png in Resources */ = {isa = PBXBuildFile; fileRef = 7E339BB21D406B9A0087A446 /* 21.png */; };
		7E339BCB1D406B9A0087A446 /* 23.png in Resources */ = {isa = PBXBuildFile; fileRef = 7E339BB31D406B9A0087A446 /* 23.png */; };
		7E339BCC1D406B9A0087A446 /* 25.png in Resources */ = {isa = PBXBuildFile; fileRef = 7E339BB41D406B9A0087A446 /* 25.png */; };
		7E339BCD1D406B9A0087A446 /* 27.png in Resources */ = {isa = PBXBuildFile; fileRef = 7E339BB51D406B9A0087A446 /* 27.png */; };
		7E339BCE1D406B9A0087A446 /* 29.png in Resources */ = {isa = PBXBuildFile; fileRef = 7E339BB61D406B9A0087A446 /* 29.png */; };
		7E339BCF1D406B9A0087A446 /* 31.png in Resources */ = {isa = PBXBuildFile; fileRef = 7E339BB71D406B9A0087A446 /* 31.png */; };
		7E339BD01D406B9A0087A446 /* 33.png in Resources */ = {isa = PBXBuildFile; fileRef = 7E339BB81D406B9A0087A446 /* 33.png */; };
		7E339BD11D406B9A0087A446 /* 35.png in Resources */ = {isa = PBXBuildFile; fileRef = 7E339BB91D406B9A0087A446 /* 35.png */; };
		7E339BD21D406B9A0087A446 /* 37.png in Resources */ = {isa = PBXBuildFile; fileRef = 7E339BBA1D406B9A0087A446 /* 37.png */; };
		7E339BD31D406B9A0087A446 /* 39.png in Resources */ = {isa = PBXBuildFile; fileRef = 7E339BBB1D406B9A0087A446 /* 39.png */; };
		7E339BD41D406B9A0087A446 /* 41.png in Resources */ = {isa = PBXBuildFile; fileRef = 7E339BBC1D406B9A0087A446 /* 41.png */; };
		7E339BD51D406B9A0087A446 /* 43.png in Resources */ = {isa = PBXBuildFile; fileRef = 7E339BBD1D406B9A0087A446 /* 43.png */; };
		7E339BD61D406B9A0087A446 /* 45.png in Resources */ = {isa = PBXBuildFile; fileRef = 7E339BBE1D406B9A0087A446 /* 45.png */; };
		7E339BD71D406B9A0087A446 /* 47.png in Resources */ = {isa = PBXBuildFile; fileRef = 7E339BBF1D406B9A0087A446 /* 47.png */; };
		7E339BD91D406E450087A446 /* Item.swift in Sources */ = {isa = PBXBuildFile; fileRef = 7E339BD81D406E450087A446 /* Item.swift */; };
		7E339BDB1D407E7F0087A446 /* naruto_background.jpg in Resources */ = {isa = PBXBuildFile; fileRef = 7E339BDA1D407E7F0087A446 /* naruto_background.jpg */; };
/* End PBXBuildFile section */

/* Begin PBXFileReference section */
		7E339B921D406AFB0087A446 /* ChangeClothesNaruto.app */ = {isa = PBXFileReference; explicitFileType = wrapper.application; includeInIndex = 0; path = ChangeClothesNaruto.app; sourceTree = BUILT_PRODUCTS_DIR; };
		7E339B951D406AFB0087A446 /* AppDelegate.swift */ = {isa = PBXFileReference; lastKnownFileType = sourcecode.swift; path = AppDelegate.swift; sourceTree = "<group>"; };
		7E339B971D406AFB0087A446 /* ViewController.swift */ = {isa = PBXFileReference; lastKnownFileType = sourcecode.swift; path = ViewController.swift; sourceTree = "<group>"; };
		7E339B9A1D406AFB0087A446 /* Base */ = {isa = PBXFileReference; lastKnownFileType = file.storyboard; name = Base; path = Base.lproj/Main.storyboard; sourceTree = "<group>"; };
		7E339B9C1D406AFB0087A446 /* Assets.xcassets */ = {isa = PBXFileReference; lastKnownFileType = folder.assetcatalog; path = Assets.xcassets; sourceTree = "<group>"; };
		7E339B9F1D406AFB0087A446 /* Base */ = {isa = PBXFileReference; lastKnownFileType = file.storyboard; name = Base; path = Base.lproj/LaunchScreen.storyboard; sourceTree = "<group>"; };
		7E339BA11D406AFB0087A446 /* Info.plist */ = {isa = PBXFileReference; lastKnownFileType = text.plist.xml; path = Info.plist; sourceTree = "<group>"; };
		7E339BA81D406B9A0087A446 /* 1.png */ = {isa = PBXFileReference; lastKnownFileType = image.png; path = 1.png; sourceTree = "<group>"; };
		7E339BA91D406B9A0087A446 /* 3.png */ = {isa = PBXFileReference; lastKnownFileType = image.png; path = 3.png; sourceTree = "<group>"; };
		7E339BAA1D406B9A0087A446 /* 5.png */ = {isa = PBXFileReference; lastKnownFileType = image.png; path = 5.png; sourceTree = "<group>"; };
		7E339BAB1D406B9A0087A446 /* 7.png */ = {isa = PBXFileReference; lastKnownFileType = image.png; path = 7.png; sourceTree = "<group>"; };
		7E339BAC1D406B9A0087A446 /* 9.png */ = {isa = PBXFileReference; lastKnownFileType = image.png; path = 9.png; sourceTree = "<group>"; };
		7E339BAD1D406B9A0087A446 /* 11.png */ = {isa = PBXFileReference; lastKnownFileType = image.png; path = 11.png; sourceTree = "<group>"; };
		7E339BAE1D406B9A0087A446 /* 13.png */ = {isa = PBXFileReference; lastKnownFileType = image.png; path = 13.png; sourceTree = "<group>"; };
		7E339BAF1D406B9A0087A446 /* 15.png */ = {isa = PBXFileReference; lastKnownFileType = image.png; path = 15.png; sourceTree = "<group>"; };
		7E339BB01D406B9A0087A446 /* 17.png */ = {isa = PBXFileReference; lastKnownFileType = image.png; path = 17.png; sourceTree = "<group>"; };
		7E339BB11D406B9A0087A446 /* 19.png */ = {isa = PBXFileReference; lastKnownFileType = image.png; path = 19.png; sourceTree = "<group>"; };
		7E339BB21D406B9A0087A446 /* 21.png */ = {isa = PBXFileReference; lastKnownFileType = image.png; path = 21.png; sourceTree = "<group>"; };
		7E339BB31D406B9A0087A446 /* 23.png */ = {isa = PBXFileReference; lastKnownFileType = image.png; path = 23.png; sourceTree = "<group>"; };
		7E339BB41D406B9A0087A446 /* 25.png */ = {isa = PBXFileReference; lastKnownFileType = image.png; path = 25.png; sourceTree = "<group>"; };
		7E339BB51D406B9A0087A446 /* 27.png */ = {isa = PBXFileReference; lastKnownFileType = image.png; path = 27.png; sourceTree = "<group>"; };
		7E339BB61D406B9A0087A446 /* 29.png */ = {isa = PBXFileReference; lastKnownFileType = image.png; path = 29.png; sourceTree = "<group>"; };
		7E339BB71D406B9A0087A446 /* 31.png */ = {isa = PBXFileReference; lastKnownFileType = image.png; path = 31.png; sourceTree = "<group>"; };
		7E339BB81D406B9A0087A446 /* 33.png */ = {isa = PBXFileReference; lastKnownFileType = image.png; path = 33.png; sourceTree = "<group>"; };
		7E339BB91D406B9A0087A446 /* 35.png */ = {isa = PBXFileReference; lastKnownFileType = image.png; path = 35.png; sourceTree = "<group>"; };
		7E339BBA1D406B9A0087A446 /* 37.png */ = {isa = PBXFileReference; lastKnownFileType = image.png; path = 37.png; sourceTree = "<group>"; };
		7E339BBB1D406B9A0087A446 /* 39.png */ = {isa = PBXFileReference; lastKnownFileType = image.png; path = 39.png; sourceTree = "<group>"; };
		7E339BBC1D406B9A0087A446 /* 41.png */ = {isa = PBXFileReference; lastKnownFileType = image.png; path = 41.png; sourceTree = "<group>"; };
		7E339BBD1D406B9A0087A446 /* 43.png */ = {isa = PBXFileReference; lastKnownFileType = image.png; path = 43.png; sourceTree = "<group>"; };
		7E339BBE1D406B9A0087A446 /* 45.png */ = {isa = PBXFileReference; lastKnownFileType = image.png; path = 45.png; sourceTree = "<group>"; };
		7E339BBF1D406B9A0087A446 /* 47.png */ = {isa = PBXFileReference; lastKnownFileType = image.png; path = 47.png; sourceTree = "<group>"; };
		7E339BD81D406E450087A446 /* Item.swift */ = {isa = PBXFileReference; fileEncoding = 4; lastKnownFileType = sourcecode.swift; path = Item.swift; sourceTree = "<group>"; };
		7E339BDA1D407E7F0087A446 /* naruto_background.jpg */ = {isa = PBXFileReference; lastKnownFileType = image.jpeg; path = naruto_background.jpg; sourceTree = "<group>"; };
/* End PBXFileReference section */

/* Begin PBXFrameworksBuildPhase section */
		7E339B8F1D406AFB0087A446 /* Frameworks */ = {
			isa = PBXFrameworksBuildPhase;
			buildActionMask = 2147483647;
			files = (
			);
			runOnlyForDeploymentPostprocessing = 0;
		};
/* End PBXFrameworksBuildPhase section */

/* Begin PBXGroup section */
		7E339B891D406AFA0087A446 = {
			isa = PBXGroup;
			children = (
				7E339B941D406AFB0087A446 /* ChangeClothesNaruto */,
				7E339B931D406AFB0087A446 /* Products */,
			);
			sourceTree = "<group>";
		};
		7E339B931D406AFB0087A446 /* Products */ = {
			isa = PBXGroup;
			children = (
				7E339B921D406AFB0087A446 /* ChangeClothesNaruto.app */,
			);
			name = Products;
			sourceTree = "<group>";
		};
		7E339B941D406AFB0087A446 /* ChangeClothesNaruto */ = {
			isa = PBXGroup;
			children = (
				7E339BA71D406B7E0087A446 /* Images */,
				7E339B951D406AFB0087A446 /* AppDelegate.swift */,
				7E339B971D406AFB0087A446 /* ViewController.swift */,
				7E339B991D406AFB0087A446 /* Main.storyboard */,
				7E339BD81D406E450087A446 /* Item.swift */,
				7E339B9C1D406AFB0087A446 /* Assets.xcassets */,
				7E339B9E1D406AFB0087A446 /* LaunchScreen.storyboard */,
				7E339BA11D406AFB0087A446 /* Info.plist */,
			);
			path = ChangeClothesNaruto;
			sourceTree = "<group>";
		};
		7E339BA71D406B7E0087A446 /* Images */ = {
			isa = PBXGroup;
			children = (
				7E339BDA1D407E7F0087A446 /* naruto_background.jpg */,
				7E339BA81D406B9A0087A446 /* 1.png */,
				7E339BA91D406B9A0087A446 /* 3.png */,
				7E339BAA1D406B9A0087A446 /* 5.png */,
				7E339BAB1D406B9A0087A446 /* 7.png */,
				7E339BAC1D406B9A0087A446 /* 9.png */,
				7E339BAD1D406B9A0087A446 /* 11.png */,
				7E339BAE1D406B9A0087A446 /* 13.png */,
				7E339BAF1D406B9A0087A446 /* 15.png */,
				7E339BB01D406B9A0087A446 /* 17.png */,
				7E339BB11D406B9A0087A446 /* 19.png */,
				7E339BB21D406B9A0087A446 /* 21.png */,
				7E339BB31D406B9A0087A446 /* 23.png */,
				7E339BB41D406B9A0087A446 /* 25.png */,
				7E339BB51D406B9A0087A446 /* 27.png */,
				7E339BB61D406B9A0087A446 /* 29.png */,
				7E339BB71D406B9A0087A446 /* 31.png */,
				7E339BB81D406B9A0087A446 /* 33.png */,
				7E339BB91D406B9A0087A446 /* 35.png */,
				7E339BBA1D406B9A0087A446 /* 37.png */,
				7E339BBB1D406B9A0087A446 /* 39.png */,
				7E339BBC1D406B9A0087A446 /* 41.png */,
				7E339BBD1D406B9A0087A446 /* 43.png */,
				7E339BBE1D406B9A0087A446 /* 45.png */,
				7E339BBF1D406B9A0087A446 /* 47.png */,
			);
			name = Images;
			sourceTree = "<group>";
		};
/* End PBXGroup section */

/* Begin PBXNativeTarget section */
		7E339B911D406AFB0087A446 /* ChangeClothesNaruto */ = {
			isa = PBXNativeTarget;
			buildConfigurationList = 7E339BA41D406AFB0087A446 /* Build configuration list for PBXNativeTarget "ChangeClothesNaruto" */;
			buildPhases = (
				7E339B8E1D406AFB0087A446 /* Sources */,
				7E339B8F1D406AFB0087A446 /* Frameworks */,
				7E339B901D406AFB0087A446 /* Resources */,
			);
			buildRules = (
			);
			dependencies = (
			);
			name = ChangeClothesNaruto;
			productName = ChangeClothesNaruto;
			productReference = 7E339B921D406AFB0087A446 /* ChangeClothesNaruto.app */;
			productType = "com.apple.product-type.application";
		};
/* End PBXNativeTarget section */

/* Begin PBXProject section */
		7E339B8A1D406AFB0087A446 /* Project object */ = {
			isa = PBXProject;
			attributes = {
				LastSwiftUpdateCheck = 0730;
				LastUpgradeCheck = 0730;
				ORGANIZATIONNAME = CanhDang;
				TargetAttributes = {
					7E339B911D406AFB0087A446 = {
						CreatedOnToolsVersion = 7.3.1;
					};
				};
			};
			buildConfigurationList = 7E339B8D1D406AFB0087A446 /* Build configuration list for PBXProject "ChangeClothesNaruto" */;
			compatibilityVersion = "Xcode 3.2";
			developmentRegion = English;
			hasScannedForEncodings = 0;
			knownRegions = (
				en,
				Base,
			);
			mainGroup = 7E339B891D406AFA0087A446;
			productRefGroup = 7E339B931D406AFB0087A446 /* Products */;
			projectDirPath = "";
			projectRoot = "";
			targets = (
				7E339B911D406AFB0087A446 /* ChangeClothesNaruto */,
			);
		};
/* End PBXProject section */

/* Begin PBXResourcesBuildPhase section */
		7E339B901D406AFB0087A446 /* Resources */ = {
			isa = PBXResourcesBuildPhase;
			buildActionMask = 2147483647;
			files = (
				7E339BD61D406B9A0087A446 /* 45.png in Resources */,
				7E339BD31D406B9A0087A446 /* 39.png in Resources */,
				7E339BCE1D406B9A0087A446 /* 29.png in Resources */,
				7E339BCC1D406B9A0087A446 /* 25.png in Resources */,
				7E339BCB1D406B9A0087A446 /* 23.png in Resources */,
				7E339BC91D406B9A0087A446 /* 19.png in Resources */,
				7E339BC11D406B9A0087A446 /* 3.png in Resources */,
				7E339BD11D406B9A0087A446 /* 35.png in Resources */,
				7E339BC81D406B9A0087A446 /* 17.png in Resources */,
				7E339BC41D406B9A0087A446 /* 9.png in Resources */,
				7E339BD71D406B9A0087A446 /* 47.png in Resources */,
				7E339BCA1D406B9A0087A446 /* 21.png in Resources */,
				7E339BD51D406B9A0087A446 /* 43.png in Resources */,
				7E339BA01D406AFB0087A446 /* LaunchScreen.storyboard in Resources */,
				7E339BC01D406B9A0087A446 /* 1.png in Resources */,
				7E339BC51D406B9A0087A446 /* 11.png in Resources */,
				7E339BC61D406B9A0087A446 /* 13.png in Resources */,
				7E339BD21D406B9A0087A446 /* 37.png in Resources */,
				7E339BC31D406B9A0087A446 /* 7.png in Resources */,
				7E339BC21D406B9A0087A446 /* 5.png in Resources */,
				7E339BDB1D407E7F0087A446 /* naruto_background.jpg in Resources */,
				7E339B9D1D406AFB0087A446 /* Assets.xcassets in Resources */,
				7E339BD01D406B9A0087A446 /* 33.png in Resources */,
				7E339BCD1D406B9A0087A446 /* 27.png in Resources */,
				7E339B9B1D406AFB0087A446 /* Main.storyboard in Resources */,
				7E339BC71D406B9A0087A446 /* 15.png in Resources */,
				7E339BD41D406B9A0087A446 /* 41.png in Resources */,
				7E339BCF1D406B9A0087A446 /* 31.png in Resources */,
			);
			runOnlyForDeploymentPostprocessing = 0;
		};
/* End PBXResourcesBuildPhase section */

/* Begin PBXSourcesBuildPhase section */
		7E339B8E1D406AFB0087A446 /* Sources */ = {
			isa = PBXSourcesBuildPhase;
			buildActionMask = 2147483647;
			files = (
				7E339B981D406AFB0087A446 /* ViewController.swift in Sources */,
				7E339BD91D406E450087A446 /* Item.swift in Sources */,
				7E339B961D406AFB0087A446 /* AppDelegate.swift in Sources */,
			);
			runOnlyForDeploymentPostprocessing = 0;
		};
/* End PBXSourcesBuildPhase section */

/* Begin PBXVariantGroup section */
		7E339B991D406AFB0087A446 /* Main.storyboard */ = {
			isa = PBXVariantGroup;
			children = (
				7E339B9A1D406AFB0087A446 /* Base */,
			);
			name = Main.storyboard;
			sourceTree = "<group>";
		};
		7E339B9E1D406AFB0087A446 /* LaunchScreen.storyboard */ = {
			isa = PBXVariantGroup;
			children = (
				7E339B9F1D406AFB0087A446 /* Base */,
			);
			name = LaunchScreen.storyboard;
			sourceTree = "<group>";
		};
/* End PBXVariantGroup section */

/* Begin XCBuildConfiguration section */
		7E339BA21D406AFB0087A446 /* Debug */ = {
			isa = XCBuildConfiguration;
			buildSettings = {
				ALWAYS_SEARCH_USER_PATHS = NO;
				CLANG_ANALYZER_NONNULL = YES;
				CLANG_CXX_LANGUAGE_STANDARD = "gnu++0x";
				CLANG_CXX_LIBRARY = "libc++";
				CLANG_ENABLE_MODULES = YES;
				CLANG_ENABLE_OBJC_ARC = YES;
				CLANG_WARN_BOOL_CONVERSION = YES;
				CLANG_WARN_CONSTANT_CONVERSION = YES;
				CLANG_WARN_DIRECT_OBJC_ISA_USAGE = YES_ERROR;
				CLANG_WARN_EMPTY_BODY = YES;
				CLANG_WARN_ENUM_CONVERSION = YES;
				CLANG_WARN_INT_CONVERSION = YES;
				CLANG_WARN_OBJC_ROOT_CLASS = YES_ERROR;
				CLANG_WARN_UNREACHABLE_CODE = YES;
				CLANG_WARN__DUPLICATE_METHOD_MATCH = YES;
				"CODE_SIGN_IDENTITY[sdk=iphoneos*]" = "iPhone Developer";
				COPY_PHASE_STRIP = NO;
				DEBUG_INFORMATION_FORMAT = dwarf;
				ENABLE_STRICT_OBJC_MSGSEND = YES;
				ENABLE_TESTABILITY = YES;
				GCC_C_LANGUAGE_STANDARD = gnu99;
				GCC_DYNAMIC_NO_PIC = NO;
				GCC_NO_COMMON_BLOCKS = YES;
				GCC_OPTIMIZATION_LEVEL = 0;
				GCC_PREPROCESSOR_DEFINITIONS = (
					"DEBUG=1",
					"$(inherited)",
				);
				GCC_WARN_64_TO_32_BIT_CONVERSION = YES;
				GCC_WARN_ABOUT_RETURN_TYPE = YES_ERROR;
				GCC_WARN_UNDECLARED_SELECTOR = YES;
				GCC_WARN_UNINITIALIZED_AUTOS = YES_AGGRESSIVE;
				GCC_WARN_UNUSED_FUNCTION = YES;
				GCC_WARN_UNUSED_VARIABLE = YES;
				IPHONEOS_DEPLOYMENT_TARGET = 9.3;
				MTL_ENABLE_DEBUG_INFO = YES;
				ONLY_ACTIVE_ARCH = YES;
				SDKROOT = iphoneos;
				SWIFT_OPTIMIZATION_LEVEL = "-Onone";
			};
			name = Debug;
		};
		7E339BA31D406AFB0087A446 /* Release */ = {
			isa = XCBuildConfiguration;
			buildSettings = {
				ALWAYS_SEARCH_USER_PATHS = NO;
				CLANG_ANALYZER_NONNULL = YES;
				CLANG_CXX_LANGUAGE_STANDARD = "gnu++0x";
				CLANG_CXX_LIBRARY = "libc++";
				CLANG_ENABLE_MODULES = YES;
				CLANG_ENABLE_OBJC_ARC = YES;
				CLANG_WARN_BOOL_CONVERSION = YES;
				CLANG_WARN_CONSTANT_CONVERSION = YES;
				CLANG_WARN_DIRECT_OBJC_ISA_USAGE = YES_ERROR;
				CLANG_WARN_EMPTY_BODY = YES;
				CLANG_WARN_ENUM_CONVERSION = YES;
				CLANG_WARN_INT_CONVERSION = YES;
				CLANG_WARN_OBJC_ROOT_CLASS = YES_ERROR;
				CLANG_WARN_UNREACHABLE_CODE = YES;
				CLANG_WARN__DUPLICATE_METHOD_MATCH = YES;
				"CODE_SIGN_IDENTITY[sdk=iphoneos*]" = "iPhone Developer";
				COPY_PHASE_STRIP = NO;
				DEBUG_INFORMATION_FORMAT = "dwarf-with-dsym";
				ENABLE_NS_ASSERTIONS = NO;
				ENABLE_STRICT_OBJC_MSGSEND = YES;
				GCC_C_LANGUAGE_STANDARD = gnu99;
				GCC_NO_COMMON_BLOCKS = YES;
				GCC_WARN_64_TO_32_BIT_CONVERSION = YES;
				GCC_WARN_ABOUT_RETURN_TYPE = YES_ERROR;
				GCC_WARN_UNDECLARED_SELECTOR = YES;
				GCC_WARN_UNINITIALIZED_AUTOS = YES_AGGRESSIVE;
				GCC_WARN_UNUSED_FUNCTION = YES;
				GCC_WARN_UNUSED_VARIABLE = YES;
				IPHONEOS_DEPLOYMENT_TARGET = 9.3;
				MTL_ENABLE_DEBUG_INFO = NO;
				SDKROOT = iphoneos;
				VALIDATE_PRODUCT = YES;
			};
			name = Release;
		};
		7E339BA51D406AFB0087A446 /* Debug */ = {
			isa = XCBuildConfiguration;
			buildSettings = {
				ASSETCATALOG_COMPILER_APPICON_NAME = AppIcon;
				INFOPLIST_FILE = ChangeClothesNaruto/Info.plist;
				LD_RUNPATH_SEARCH_PATHS = "$(inherited) @executable_path/Frameworks";
				PRODUCT_BUNDLE_IDENTIFIER = com.CD.ChangeClothesNaruto;
				PRODUCT_NAME = "$(TARGET_NAME)";
			};
			name = Debug;
		};
		7E339BA61D406AFB0087A446 /* Release */ = {
			isa = XCBuildConfiguration;
			buildSettings = {
				ASSETCATALOG_COMPILER_APPICON_NAME = AppIcon;
				INFOPLIST_FILE = ChangeClothesNaruto/Info.plist;
				LD_RUNPATH_SEARCH_PATHS = "$(inherited) @executable_path/Frameworks";
				PRODUCT_BUNDLE_IDENTIFIER = com.CD.ChangeClothesNaruto;
				PRODUCT_NAME = "$(TARGET_NAME)";
			};
			name = Release;
		};
/* End XCBuildConfiguration section */

/* Begin XCConfigurationList section */
		7E339B8D1D406AFB0087A446 /* Build configuration list for PBXProject "ChangeClothesNaruto" */ = {
			isa = XCConfigurationList;
			buildConfigurations = (
				7E339BA21D406AFB0087A446 /* Debug */,
				7E339BA31D406AFB0087A446 /* Release */,
			);
			defaultConfigurationIsVisible = 0;
			defaultConfigurationName = Release;
		};
		7E339BA41D406AFB0087A446 /* Build configuration list for PBXNativeTarget "ChangeClothesNaruto" */ = {
			isa = XCConfigurationList;
			buildConfigurations = (
				7E339BA51D406AFB0087A446 /* Debug */,
				7E339BA61D406AFB0087A446 /* Release */,
			);
			defaultConfigurationIsVisible = 0;
		};
/* End XCConfigurationList section */
	};
	rootObject = 7E339B8A1D406AFB0087A446 /* Project object */;
}
